
Microsoft Visual Studio Solution File, Format Version 12.00
# Visual Studio Version 17
VisualStudioVersion = 17.4.33110.190
MinimumVisualStudioVersion = 10.0.40219.1
Project("{F184B08F-C81C-45F6-A57F-5ABD9991F28F}") = "Lab5QuizAppSagabaen", "Lab5QuizAppSagabaen\Lab5QuizAppSagabaen.vbproj", "{BE9B3046-9E3C-4F68-BD04-5A5BD1226A45}"
EndProject
Global
	GlobalSection(SolutionConfigurationPlatforms) = preSolution
		Debug|Any CPU = Debug|Any CPU
		Release|Any CPU = Release|Any CPU
	EndGlobalSection
	GlobalSection(ProjectConfigurationPlatforms) = postSolution
		{BE9B3046-9E3C-4F68-BD04-5A5BD1226A45}.Debug|Any CPU.ActiveCfg = Debug|Any CPU
		{BE9B3046-9E3C-4F68-BD04-5A5BD1226A45}.Debug|Any CPU.Build.0 = Debug|Any CPU
		{BE9B3046-9E3C-4F68-BD04-5A5BD1226A45}.Release|Any CPU.ActiveCfg = Release|Any CPU
		{BE9B3046-9E3C-4F68-BD04-5A5BD1226A45}.Release|Any CPU.Build.0 = Release|Any CPU
	EndGlobalSection
	GlobalSection(SolutionProperties) = preSolution
		HideSolutionNode = FALSE
	EndGlobalSection
	GlobalSection(ExtensibilityGlobals) = postSolution
		SolutionGuid = {4846F493-C54A-4AA9-8B02-01808E6B1BD5}
	EndGlobalSection
EndGlobal
